
Microsoft Visual Studio Solution File, Format Version 12.00
# Visual Studio 15
Project("{FAE04EC0-301F-11D3-BF4B-00C04F79EFBC}") = "AstarPathfindingProject", "AstarPathfindingProject.csproj", "{66C4E1C0-BB30-0AC1-1EAA-D78313B813F9}"
EndProject
Project("{FAE04EC0-301F-11D3-BF4B-00C04F79EFBC}") = "Assembly-CSharp", "Assembly-CSharp.csproj", "{7072D463-D0A1-AB30-3395-FAC51A15A144}"
EndProject
Project("{FAE04EC0-301F-11D3-BF4B-00C04F79EFBC}") = "AstarPathfindingProjectEditor", "AstarPathfindingProjectEditor.csproj", "{A0AD8997-6FCE-1D7F-65A2-FC4B3449D256}"
EndProject
Project("{FAE04EC0-301F-11D3-BF4B-00C04F79EFBC}") = "PackageToolsEditor", "PackageToolsEditor.csproj", "{8E163ADA-64C1-7CCB-E3B9-3A00F8EE98C0}"
EndProject
Global
	GlobalSection(SolutionConfigurationPlatforms) = preSolution
		Debug|Any CPU = Debug|Any CPU
		Release|Any CPU = Release|Any CPU
	EndGlobalSection
	GlobalSection(ProjectConfigurationPlatforms) = postSolution
		{66C4E1C0-BB30-0AC1-1EAA-D78313B813F9}.Debug|Any CPU.ActiveCfg = Debug|Any CPU
		{66C4E1C0-BB30-0AC1-1EAA-D78313B813F9}.Debug|Any CPU.Build.0 = Debug|Any CPU
		{66C4E1C0-BB30-0AC1-1EAA-D78313B813F9}.Release|Any CPU.ActiveCfg = Release|Any CPU
		{66C4E1C0-BB30-0AC1-1EAA-D78313B813F9}.Release|Any CPU.Build.0 = Release|Any CPU
		{7072D463-D0A1-AB30-3395-FAC51A15A144}.Debug|Any CPU.ActiveCfg = Debug|Any CPU
		{7072D463-D0A1-AB30-3395-FAC51A15A144}.Debug|Any CPU.Build.0 = Debug|Any CPU
		{7072D463-D0A1-AB30-3395-FAC51A15A144}.Release|Any CPU.ActiveCfg = Release|Any CPU
		{7072D463-D0A1-AB30-3395-FAC51A15A144}.Release|Any CPU.Build.0 = Release|Any CPU
		{A0AD8997-6FCE-1D7F-65A2-FC4B3449D256}.Debug|Any CPU.ActiveCfg = Debug|Any CPU
		{A0AD8997-6FCE-1D7F-65A2-FC4B3449D256}.Debug|Any CPU.Build.0 = Debug|Any CPU
		{A0AD8997-6FCE-1D7F-65A2-FC4B3449D256}.Release|Any CPU.ActiveCfg = Release|Any CPU
		{A0AD8997-6FCE-1D7F-65A2-FC4B3449D256}.Release|Any CPU.Build.0 = Release|Any CPU
		{8E163ADA-64C1-7CCB-E3B9-3A00F8EE98C0}.Debug|Any CPU.ActiveCfg = Debug|Any CPU
		{8E163ADA-64C1-7CCB-E3B9-3A00F8EE98C0}.Debug|Any CPU.Build.0 = Debug|Any CPU
		{8E163ADA-64C1-7CCB-E3B9-3A00F8EE98C0}.Release|Any CPU.ActiveCfg = Release|Any CPU
		{8E163ADA-64C1-7CCB-E3B9-3A00F8EE98C0}.Release|Any CPU.Build.0 = Release|Any CPU
	EndGlobalSection
	GlobalSection(SolutionProperties) = preSolution
		HideSolutionNode = FALSE
	EndGlobalSection
EndGlobal
